
Microsoft Visual Studio Solution File, Format Version 12.00
# Visual Studio 15
VisualStudioVersion = 15.0.27130.2027
MinimumVisualStudioVersion = 10.0.40219.1
Project("{FAE04EC0-301F-11D3-BF4B-00C04F79EFBC}") = "QMultiMod", "QMultiMod\QMultiMod.csproj", "{865F2D15-5616-47A3-9285-A0BE14135EFE}"
EndProject
Global
	GlobalSection(SolutionConfigurationPlatforms) = preSolution
		Debug|Any CPU = Debug|Any CPU
		Release|Any CPU = Release|Any CPU
	EndGlobalSection
	GlobalSection(ProjectConfigurationPlatforms) = postSolution
		{865F2D15-5616-47A3-9285-A0BE14135EFE}.Debug|Any CPU.ActiveCfg = Debug|Any CPU
		{865F2D15-5616-47A3-9285-A0BE14135EFE}.Debug|Any CPU.Build.0 = Debug|Any CPU
		{865F2D15-5616-47A3-9285-A0BE14135EFE}.Release|Any CPU.ActiveCfg = Release|Any CPU
		{865F2D15-5616-47A3-9285-A0BE14135EFE}.Release|Any CPU.Build.0 = Release|Any CPU
	EndGlobalSection
	GlobalSection(SolutionProperties) = preSolution
		HideSolutionNode = FALSE
	EndGlobalSection
	GlobalSection(ExtensibilityGlobals) = postSolution
		SolutionGuid = {4A5D69F8-5426-4CEA-A40E-91B74A980B4C}
	EndGlobalSection
EndGlobal
